
Microsoft Visual Studio Solution File, Format Version 12.00
# Visual Studio 15
VisualStudioVersion = 15.0.27703.2000
MinimumVisualStudioVersion = 10.0.40219.1
Project("{FAE04EC0-301F-11D3-BF4B-00C04F79EFBC}") = "NotesCreator", "NotesCreator\NotesCreator.csproj", "{5EB9006D-E27F-441B-B526-0E64DEF2D1AF}"
EndProject
Project("{FAE04EC0-301F-11D3-BF4B-00C04F79EFBC}") = "Instruments", "Instruments\Instruments.csproj", "{2D2C6A59-6DCE-4668-9896-B9004D91227F}"
EndProject
Project("{FAE04EC0-301F-11D3-BF4B-00C04F79EFBC}") = "Topics", "Topics\Topics.csproj", "{B89B4F47-DC22-4357-8451-24F4CD96E251}"
EndProject
Project("{FAE04EC0-301F-11D3-BF4B-00C04F79EFBC}") = "Notes", "Notes\Notes.csproj", "{8717AC4A-BE16-4424-AA5F-FD14CA8EB461}"
EndProject
Project("{FAE04EC0-301F-11D3-BF4B-00C04F79EFBC}") = "Models", "Models\Models.csproj", "{A3959271-C25B-40F3-A3B4-96E472A14F6E}"
EndProject
Global
	GlobalSection(SolutionConfigurationPlatforms) = preSolution
		Debug|Any CPU = Debug|Any CPU
		Release|Any CPU = Release|Any CPU
	EndGlobalSection
	GlobalSection(ProjectConfigurationPlatforms) = postSolution
		{5EB9006D-E27F-441B-B526-0E64DEF2D1AF}.Debug|Any CPU.ActiveCfg = Debug|Any CPU
		{5EB9006D-E27F-441B-B526-0E64DEF2D1AF}.Debug|Any CPU.Build.0 = Debug|Any CPU
		{5EB9006D-E27F-441B-B526-0E64DEF2D1AF}.Release|Any CPU.ActiveCfg = Release|Any CPU
		{5EB9006D-E27F-441B-B526-0E64DEF2D1AF}.Release|Any CPU.Build.0 = Release|Any CPU
		{2D2C6A59-6DCE-4668-9896-B9004D91227F}.Debug|Any CPU.ActiveCfg = Debug|Any CPU
		{2D2C6A59-6DCE-4668-9896-B9004D91227F}.Debug|Any CPU.Build.0 = Debug|Any CPU
		{2D2C6A59-6DCE-4668-9896-B9004D91227F}.Release|Any CPU.ActiveCfg = Release|Any CPU
		{2D2C6A59-6DCE-4668-9896-B9004D91227F}.Release|Any CPU.Build.0 = Release|Any CPU
		{B89B4F47-DC22-4357-8451-24F4CD96E251}.Debug|Any CPU.ActiveCfg = Debug|Any CPU
		{B89B4F47-DC22-4357-8451-24F4CD96E251}.Debug|Any CPU.Build.0 = Debug|Any CPU
		{B89B4F47-DC22-4357-8451-24F4CD96E251}.Release|Any CPU.ActiveCfg = Release|Any CPU
		{B89B4F47-DC22-4357-8451-24F4CD96E251}.Release|Any CPU.Build.0 = Release|Any CPU
		{8717AC4A-BE16-4424-AA5F-FD14CA8EB461}.Debug|Any CPU.ActiveCfg = Debug|Any CPU
		{8717AC4A-BE16-4424-AA5F-FD14CA8EB461}.Debug|Any CPU.Build.0 = Debug|Any CPU
		{8717AC4A-BE16-4424-AA5F-FD14CA8EB461}.Release|Any CPU.ActiveCfg = Release|Any CPU
		{8717AC4A-BE16-4424-AA5F-FD14CA8EB461}.Release|Any CPU.Build.0 = Release|Any CPU
		{A3959271-C25B-40F3-A3B4-96E472A14F6E}.Debug|Any CPU.ActiveCfg = Debug|Any CPU
		{A3959271-C25B-40F3-A3B4-96E472A14F6E}.Debug|Any CPU.Build.0 = Debug|Any CPU
		{A3959271-C25B-40F3-A3B4-96E472A14F6E}.Release|Any CPU.ActiveCfg = Release|Any CPU
		{A3959271-C25B-40F3-A3B4-96E472A14F6E}.Release|Any CPU.Build.0 = Release|Any CPU
	EndGlobalSection
	GlobalSection(SolutionProperties) = preSolution
		HideSolutionNode = FALSE
	EndGlobalSection
	GlobalSection(ExtensibilityGlobals) = postSolution
		SolutionGuid = {C3CBC98B-002B-453A-9F59-2DEF89FA3548}
	EndGlobalSection
EndGlobal
